
Microsoft Visual Studio Solution File, Format Version 12.00
# Visual Studio Version 16
VisualStudioVersion = 16.0.31729.503
MinimumVisualStudioVersion = 10.0.40219.1
Project("{9A19103F-16F7-4668-BE54-9A1E7A4F7556}") = "CursoMVC", "CursoMVC\CursoMVC.csproj", "{B3D7F5AE-F1DE-4FEA-ABBE-9E5D4B068444}"
EndProject
Project("{9A19103F-16F7-4668-BE54-9A1E7A4F7556}") = "CursoAPI", "CursoAPI\CursoAPI.csproj", "{34268897-698F-4948-8963-300E79E285A1}"
EndProject
Project("{FAE04EC0-301F-11D3-BF4B-00C04F79EFBC}") = "CursoTest", "CursoTest\CursoTest.csproj", "{A4CA23BD-FFF0-4827-98AD-0999A64F8602}"
EndProject
Global
	GlobalSection(SolutionConfigurationPlatforms) = preSolution
		Debug|Any CPU = Debug|Any CPU
		Release|Any CPU = Release|Any CPU
	EndGlobalSection
	GlobalSection(ProjectConfigurationPlatforms) = postSolution
		{B3D7F5AE-F1DE-4FEA-ABBE-9E5D4B068444}.Debug|Any CPU.ActiveCfg = Debug|Any CPU
		{B3D7F5AE-F1DE-4FEA-ABBE-9E5D4B068444}.Debug|Any CPU.Build.0 = Debug|Any CPU
		{B3D7F5AE-F1DE-4FEA-ABBE-9E5D4B068444}.Release|Any CPU.ActiveCfg = Release|Any CPU
		{B3D7F5AE-F1DE-4FEA-ABBE-9E5D4B068444}.Release|Any CPU.Build.0 = Release|Any CPU
		{34268897-698F-4948-8963-300E79E285A1}.Debug|Any CPU.ActiveCfg = Debug|Any CPU
		{34268897-698F-4948-8963-300E79E285A1}.Debug|Any CPU.Build.0 = Debug|Any CPU
		{34268897-698F-4948-8963-300E79E285A1}.Release|Any CPU.ActiveCfg = Release|Any CPU
		{34268897-698F-4948-8963-300E79E285A1}.Release|Any CPU.Build.0 = Release|Any CPU
		{A4CA23BD-FFF0-4827-98AD-0999A64F8602}.Debug|Any CPU.ActiveCfg = Debug|Any CPU
		{A4CA23BD-FFF0-4827-98AD-0999A64F8602}.Debug|Any CPU.Build.0 = Debug|Any CPU
		{A4CA23BD-FFF0-4827-98AD-0999A64F8602}.Release|Any CPU.ActiveCfg = Release|Any CPU
		{A4CA23BD-FFF0-4827-98AD-0999A64F8602}.Release|Any CPU.Build.0 = Release|Any CPU
	EndGlobalSection
	GlobalSection(SolutionProperties) = preSolution
		HideSolutionNode = FALSE
	EndGlobalSection
	GlobalSection(ExtensibilityGlobals) = postSolution
		SolutionGuid = {CF6A1769-FFD5-49C5-8854-C609D4B975C4}
	EndGlobalSection
EndGlobal
